
Microsoft Visual Studio Solution File, Format Version 12.00
# Visual Studio 14
VisualStudioVersion = 14.0.25420.1
MinimumVisualStudioVersion = 10.0.40219.1
Project("{FAE04EC0-301F-11D3-BF4B-00C04F79EFBC}") = "dinner_party_fixed", "dinner_party_fixed\dinner_party_fixed.csproj", "{AE078373-DB06-4295-87BE-2E8AD7C3504A}"
EndProject
Global
	GlobalSection(SolutionConfigurationPlatforms) = preSolution
		Debug|Any CPU = Debug|Any CPU
		Release|Any CPU = Release|Any CPU
	EndGlobalSection
	GlobalSection(ProjectConfigurationPlatforms) = postSolution
		{AE078373-DB06-4295-87BE-2E8AD7C3504A}.Debug|Any CPU.ActiveCfg = Debug|Any CPU
		{AE078373-DB06-4295-87BE-2E8AD7C3504A}.Debug|Any CPU.Build.0 = Debug|Any CPU
		{AE078373-DB06-4295-87BE-2E8AD7C3504A}.Release|Any CPU.ActiveCfg = Release|Any CPU
		{AE078373-DB06-4295-87BE-2E8AD7C3504A}.Release|Any CPU.Build.0 = Release|Any CPU
	EndGlobalSection
	GlobalSection(SolutionProperties) = preSolution
		HideSolutionNode = FALSE
	EndGlobalSection
EndGlobal
